
Microsoft Visual Studio Solution File, Format Version 12.00
# Visual Studio Version 16
VisualStudioVersion = 16.0.34407.143
MinimumVisualStudioVersion = 10.0.40219.1
Project("{FAE04EC0-301F-11D3-BF4B-00C04F79EFBC}") = "Reactive", "Reactive\Reactive.csproj", "{A9A07DD3-3637-498E-B4DC-B3B76E4B9D31}"
EndProject
Global
	GlobalSection(SolutionConfigurationPlatforms) = preSolution
		Debug|Any CPU = Debug|Any CPU
		Release|Any CPU = Release|Any CPU
	EndGlobalSection
	GlobalSection(ProjectConfigurationPlatforms) = postSolution
		{A9A07DD3-3637-498E-B4DC-B3B76E4B9D31}.Debug|Any CPU.ActiveCfg = Debug|Any CPU
		{A9A07DD3-3637-498E-B4DC-B3B76E4B9D31}.Debug|Any CPU.Build.0 = Debug|Any CPU
		{A9A07DD3-3637-498E-B4DC-B3B76E4B9D31}.Release|Any CPU.ActiveCfg = Release|Any CPU
		{A9A07DD3-3637-498E-B4DC-B3B76E4B9D31}.Release|Any CPU.Build.0 = Release|Any CPU
	EndGlobalSection
	GlobalSection(SolutionProperties) = preSolution
		HideSolutionNode = FALSE
	EndGlobalSection
	GlobalSection(ExtensibilityGlobals) = postSolution
		SolutionGuid = {E72BA9C4-FD08-4C10-9C97-DE060357FD92}
	EndGlobalSection
EndGlobal
